
Microsoft Visual Studio Solution File, Format Version 12.00
# Visual Studio Version 16
VisualStudioVersion = 16.0.30907.101
MinimumVisualStudioVersion = 10.0.40219.1
Project("{FAE04EC0-301F-11D3-BF4B-00C04F79EFBC}") = "ReactASPCrud", "ReactASPCrud\ReactASPCrud.csproj", "{0D6F7D03-5738-47AC-84F8-6F4ED27838FD}"
EndProject
Global
	GlobalSection(SolutionConfigurationPlatforms) = preSolution
		Debug|Any CPU = Debug|Any CPU
		Release|Any CPU = Release|Any CPU
	EndGlobalSection
	GlobalSection(ProjectConfigurationPlatforms) = postSolution
		{0D6F7D03-5738-47AC-84F8-6F4ED27838FD}.Debug|Any CPU.ActiveCfg = Debug|Any CPU
		{0D6F7D03-5738-47AC-84F8-6F4ED27838FD}.Debug|Any CPU.Build.0 = Debug|Any CPU
		{0D6F7D03-5738-47AC-84F8-6F4ED27838FD}.Release|Any CPU.ActiveCfg = Release|Any CPU
		{0D6F7D03-5738-47AC-84F8-6F4ED27838FD}.Release|Any CPU.Build.0 = Release|Any CPU
	EndGlobalSection
	GlobalSection(SolutionProperties) = preSolution
		HideSolutionNode = FALSE
	EndGlobalSection
	GlobalSection(ExtensibilityGlobals) = postSolution
		SolutionGuid = {7E77F9B3-BA74-4C1A-B608-B019BB622E03}
	EndGlobalSection
EndGlobal
